
Microsoft Visual Studio Solution File, Format Version 12.00
# Visual Studio Version 16
VisualStudioVersion = 16.0.31729.503
MinimumVisualStudioVersion = 10.0.40219.1
Project("{8BC9CEB8-8B4A-11D0-8D11-00A0C91BC942}") = "Лаба_6", "Лаба_6\Лаба_6.vcxproj", "{957FF1D5-D0A6-4458-8FC8-EA9981318DE4}"
EndProject
Global
	GlobalSection(SolutionConfigurationPlatforms) = preSolution
		Debug|x64 = Debug|x64
		Debug|x86 = Debug|x86
		Release|x64 = Release|x64
		Release|x86 = Release|x86
	EndGlobalSection
	GlobalSection(ProjectConfigurationPlatforms) = postSolution
		{957FF1D5-D0A6-4458-8FC8-EA9981318DE4}.Debug|x64.ActiveCfg = Debug|x64
		{957FF1D5-D0A6-4458-8FC8-EA9981318DE4}.Debug|x64.Build.0 = Debug|x64
		{957FF1D5-D0A6-4458-8FC8-EA9981318DE4}.Debug|x86.ActiveCfg = Debug|Win32
		{957FF1D5-D0A6-4458-8FC8-EA9981318DE4}.Debug|x86.Build.0 = Debug|Win32
		{957FF1D5-D0A6-4458-8FC8-EA9981318DE4}.Release|x64.ActiveCfg = Release|x64
		{957FF1D5-D0A6-4458-8FC8-EA9981318DE4}.Release|x64.Build.0 = Release|x64
		{957FF1D5-D0A6-4458-8FC8-EA9981318DE4}.Release|x86.ActiveCfg = Release|Win32
		{957FF1D5-D0A6-4458-8FC8-EA9981318DE4}.Release|x86.Build.0 = Release|Win32
	EndGlobalSection
	GlobalSection(SolutionProperties) = preSolution
		HideSolutionNode = FALSE
	EndGlobalSection
	GlobalSection(ExtensibilityGlobals) = postSolution
		SolutionGuid = {97BAC2E6-D602-475A-850B-91DBDA09135E}
	EndGlobalSection
EndGlobal
